
Microsoft Visual Studio Solution File, Format Version 12.00
# Visual Studio Version 17
VisualStudioVersion = 17.4.33213.308
MinimumVisualStudioVersion = 10.0.40219.1
Project("{8BC9CEB8-8B4A-11D0-8D11-00A0C91BC942}") = "Lesson 31, Remove elements", "Lesson 31, Remove elements\Lesson 31, Remove elements.vcxproj", "{AC622DB3-0D89-4DEC-8EC6-68F66C4FD528}"
EndProject
Global
	GlobalSection(SolutionConfigurationPlatforms) = preSolution
		Debug|x64 = Debug|x64
		Debug|x86 = Debug|x86
		Release|x64 = Release|x64
		Release|x86 = Release|x86
	EndGlobalSection
	GlobalSection(ProjectConfigurationPlatforms) = postSolution
		{AC622DB3-0D89-4DEC-8EC6-68F66C4FD528}.Debug|x64.ActiveCfg = Debug|x64
		{AC622DB3-0D89-4DEC-8EC6-68F66C4FD528}.Debug|x64.Build.0 = Debug|x64
		{AC622DB3-0D89-4DEC-8EC6-68F66C4FD528}.Debug|x86.ActiveCfg = Debug|Win32
		{AC622DB3-0D89-4DEC-8EC6-68F66C4FD528}.Debug|x86.Build.0 = Debug|Win32
		{AC622DB3-0D89-4DEC-8EC6-68F66C4FD528}.Release|x64.ActiveCfg = Release|x64
		{AC622DB3-0D89-4DEC-8EC6-68F66C4FD528}.Release|x64.Build.0 = Release|x64
		{AC622DB3-0D89-4DEC-8EC6-68F66C4FD528}.Release|x86.ActiveCfg = Release|Win32
		{AC622DB3-0D89-4DEC-8EC6-68F66C4FD528}.Release|x86.Build.0 = Release|Win32
	EndGlobalSection
	GlobalSection(SolutionProperties) = preSolution
		HideSolutionNode = FALSE
	EndGlobalSection
	GlobalSection(ExtensibilityGlobals) = postSolution
		SolutionGuid = {E653AA06-7DD3-428A-84E6-C968F59C55C8}
	EndGlobalSection
EndGlobal
